// !$*UTF8*$!
{
	archiveVersion = 1;
	classes = {
	};
	objectVersion = 48;
	objects = {

/* Begin PBXBuildFile section */
		4E579008D8246055B4CA73A7 /* Pods_TestNatrium.framework in Frameworks */ = {isa = PBXBuildFile; fileRef = D42602E189432FCBB58C7109 /* Pods_TestNatrium.framework */; };
		58021395F599E4773C75619F /* Pods_TestNatriumTests.framework in Frameworks */ = {isa = PBXBuildFile; fileRef = 857B02CB19C7E74C945446C8 /* Pods_TestNatriumTests.framework */; };
		A18BC93E2043FCB5008C188B /* AppDelegate.swift in Sources */ = {isa = PBXBuildFile; fileRef = A18BC93D2043FCB5008C188B /* AppDelegate.swift */; };
		A18BC9402043FCB5008C188B /* ViewController.swift in Sources */ = {isa = PBXBuildFile; fileRef = A18BC93F2043FCB5008C188B /* ViewController.swift */; };
		A18BC9432043FCB5008C188B /* Main.storyboard in Resources */ = {isa = PBXBuildFile; fileRef = A18BC9412043FCB5008C188B /* Main.storyboard */; };
		A18BC9452043FCB5008C188B /* Assets.xcassets in Resources */ = {isa = PBXBuildFile; fileRef = A18BC9442043FCB5008C188B /* Assets.xcassets */; };
		A18BC9482043FCB5008C188B /* LaunchScreen.storyboard in Resources */ = {isa = PBXBuildFile; fileRef = A18BC9462043FCB5008C188B /* LaunchScreen.storyboard */; };
		A18BC9532043FCB5008C188B /* TestNatriumTests.swift in Sources */ = {isa = PBXBuildFile; fileRef = A18BC9522043FCB5008C188B /* TestNatriumTests.swift */; };
		A18BC95E2043FCB5008C188B /* TestNatriumUITests.swift in Sources */ = {isa = PBXBuildFile; fileRef = A18BC95D2043FCB5008C188B /* TestNatriumUITests.swift */; };
		A18BC9702043FFDC008C188B /* .natrium.yml in Resources */ = {isa = PBXBuildFile; fileRef = A18BC96F2043FFDC008C188B /* .natrium.yml */; };
		A18BC97320440E4D008C188B /* icon.jpg in Resources */ = {isa = PBXBuildFile; fileRef = A18BC97220440E4D008C188B /* icon.jpg */; };
		EEC93F6285911C6B34E79692 /* Pods_TestNatriumUITests.framework in Frameworks */ = {isa = PBXBuildFile; fileRef = 24C637665960367A327B3C3B /* Pods_TestNatriumUITests.framework */; };
/* End PBXBuildFile section */

/* Begin PBXContainerItemProxy section */
		A18BC94F2043FCB5008C188B /* PBXContainerItemProxy */ = {
			isa = PBXContainerItemProxy;
			containerPortal = A18BC9322043FCB5008C188B /* Project object */;
			proxyType = 1;
			remoteGlobalIDString = A18BC9392043FCB5008C188B;
			remoteInfo = TestNatrium;
		};
		A18BC95A2043FCB5008C188B /* PBXContainerItemProxy */ = {
			isa = PBXContainerItemProxy;
			containerPortal = A18BC9322043FCB5008C188B /* Project object */;
			proxyType = 1;
			remoteGlobalIDString = A18BC9392043FCB5008C188B;
			remoteInfo = TestNatrium;
		};
/* End PBXContainerItemProxy section */

/* Begin PBXFileReference section */
		24C637665960367A327B3C3B /* Pods_TestNatriumUITests.framework */ = {isa = PBXFileReference; explicitFileType = wrapper.framework; includeInIndex = 0; path = Pods_TestNatriumUITests.framework; sourceTree = BUILT_PRODUCTS_DIR; };
		537FDDBA15D702E8FC6A54DA /* Pods-TestNatrium.debug.xcconfig */ = {isa = PBXFileReference; includeInIndex = 1; lastKnownFileType = text.xcconfig; name = "Pods-TestNatrium.debug.xcconfig"; path = "Pods/Target Support Files/Pods-TestNatrium/Pods-TestNatrium.debug.xcconfig"; sourceTree = "<group>"; };
		5E5A00EFC65D0D39D245C09B /* Pods-TestNatriumTests.release.xcconfig */ = {isa = PBXFileReference; includeInIndex = 1; lastKnownFileType = text.xcconfig; name = "Pods-TestNatriumTests.release.xcconfig"; path = "Pods/Target Support Files/Pods-TestNatriumTests/Pods-TestNatriumTests.release.xcconfig"; sourceTree = "<group>"; };
		7FD919325C2A040C81AF5E93 /* Pods-TestNatriumTests.debug.xcconfig */ = {isa = PBXFileReference; includeInIndex = 1; lastKnownFileType = text.xcconfig; name = "Pods-TestNatriumTests.debug.xcconfig"; path = "Pods/Target Support Files/Pods-TestNatriumTests/Pods-TestNatriumTests.debug.xcconfig"; sourceTree = "<group>"; };
		857B02CB19C7E74C945446C8 /* Pods_TestNatriumTests.framework */ = {isa = PBXFileReference; explicitFileType = wrapper.framework; includeInIndex = 0; path = Pods_TestNatriumTests.framework; sourceTree = BUILT_PRODUCTS_DIR; };
		A18BC93A2043FCB5008C188B /* TestNatrium.app */ = {isa = PBXFileReference; explicitFileType = wrapper.application; includeInIndex = 0; path = TestNatrium.app; sourceTree = BUILT_PRODUCTS_DIR; };
		A18BC93D2043FCB5008C188B /* AppDelegate.swift */ = {isa = PBXFileReference; lastKnownFileType = sourcecode.swift; path = AppDelegate.swift; sourceTree = "<group>"; };
		A18BC93F2043FCB5008C188B /* ViewController.swift */ = {isa = PBXFileReference; lastKnownFileType = sourcecode.swift; path = ViewController.swift; sourceTree = "<group>"; };
		A18BC9422043FCB5008C188B /* Base */ = {isa = PBXFileReference; lastKnownFileType = file.storyboard; name = Base; path = Base.lproj/Main.storyboard; sourceTree = "<group>"; };
		A18BC9442043FCB5008C188B /* Assets.xcassets */ = {isa = PBXFileReference; lastKnownFileType = folder.assetcatalog; path = Assets.xcassets; sourceTree = "<group>"; };
		A18BC9472043FCB5008C188B /* Base */ = {isa = PBXFileReference; lastKnownFileType = file.storyboard; name = Base; path = Base.lproj/LaunchScreen.storyboard; sourceTree = "<group>"; };
		A18BC9492043FCB5008C188B /* Info.plist */ = {isa = PBXFileReference; lastKnownFileType = text.plist.xml; path = Info.plist; sourceTree = "<group>"; };
		A18BC94E2043FCB5008C188B /* TestNatriumTests.xctest */ = {isa = PBXFileReference; explicitFileType = wrapper.cfbundle; includeInIndex = 0; path = TestNatriumTests.xctest; sourceTree = BUILT_PRODUCTS_DIR; };
		A18BC9522043FCB5008C188B /* TestNatriumTests.swift */ = {isa = PBXFileReference; lastKnownFileType = sourcecode.swift; path = TestNatriumTests.swift; sourceTree = "<group>"; };
		A18BC9542043FCB5008C188B /* Info.plist */ = {isa = PBXFileReference; lastKnownFileType = text.plist.xml; path = Info.plist; sourceTree = "<group>"; };
		A18BC9592043FCB5008C188B /* TestNatriumUITests.xctest */ = {isa = PBXFileReference; explicitFileType = wrapper.cfbundle; includeInIndex = 0; path = TestNatriumUITests.xctest; sourceTree = BUILT_PRODUCTS_DIR; };
		A18BC95D2043FCB5008C188B /* TestNatriumUITests.swift */ = {isa = PBXFileReference; lastKnownFileType = sourcecode.swift; path = TestNatriumUITests.swift; sourceTree = "<group>"; };
		A18BC95F2043FCB5008C188B /* Info.plist */ = {isa = PBXFileReference; lastKnownFileType = text.plist.xml; path = Info.plist; sourceTree = "<group>"; };
		A18BC96F2043FFDC008C188B /* .natrium.yml */ = {isa = PBXFileReference; fileEncoding = 4; lastKnownFileType = text; path = .natrium.yml; sourceTree = SOURCE_ROOT; };
		A18BC97220440E4D008C188B /* icon.jpg */ = {isa = PBXFileReference; lastKnownFileType = image.jpeg; path = icon.jpg; sourceTree = "<group>"; };
		B7B54927371A77B688A1D593 /* Pods-TestNatrium.release.xcconfig */ = {isa = PBXFileReference; includeInIndex = 1; lastKnownFileType = text.xcconfig; name = "Pods-TestNatrium.release.xcconfig"; path = "Pods/Target Support Files/Pods-TestNatrium/Pods-TestNatrium.release.xcconfig"; sourceTree = "<group>"; };
		B8E6902AAC8FF380F941188A /* Pods-TestNatriumUITests.debug.xcconfig */ = {isa = PBXFileReference; includeInIndex = 1; lastKnownFileType = text.xcconfig; name = "Pods-TestNatriumUITests.debug.xcconfig"; path = "Pods/Target Support Files/Pods-TestNatriumUITests/Pods-TestNatriumUITests.debug.xcconfig"; sourceTree = "<group>"; };
		D42602E189432FCBB58C7109 /* Pods_TestNatrium.framework */ = {isa = PBXFileReference; explicitFileType = wrapper.framework; includeInIndex = 0; path = Pods_TestNatrium.framework; sourceTree = BUILT_PRODUCTS_DIR; };
		E777FE33496C17B5971AF2CF /* Pods-TestNatriumUITests.release.xcconfig */ = {isa = PBXFileReference; includeInIndex = 1; lastKnownFileType = text.xcconfig; name = "Pods-TestNatriumUITests.release.xcconfig"; path = "Pods/Target Support Files/Pods-TestNatriumUITests/Pods-TestNatriumUITests.release.xcconfig"; sourceTree = "<group>"; };
/* End PBXFileReference section */

/* Begin PBXFrameworksBuildPhase section */
		A18BC9372043FCB5008C188B /* Frameworks */ = {
			isa = PBXFrameworksBuildPhase;
			buildActionMask = 2147483647;
			files = (
				4E579008D8246055B4CA73A7 /* Pods_TestNatrium.framework in Frameworks */,
			);
			runOnlyForDeploymentPostprocessing = 0;
		};
		A18BC94B2043FCB5008C188B /* Frameworks */ = {
			isa = PBXFrameworksBuildPhase;
			buildActionMask = 2147483647;
			files = (
				58021395F599E4773C75619F /* Pods_TestNatriumTests.framework in Frameworks */,
			);
			runOnlyForDeploymentPostprocessing = 0;
		};
		A18BC9562043FCB5008C188B /* Frameworks */ = {
			isa = PBXFrameworksBuildPhase;
			buildActionMask = 2147483647;
			files = (
				EEC93F6285911C6B34E79692 /* Pods_TestNatriumUITests.framework in Frameworks */,
			);
			runOnlyForDeploymentPostprocessing = 0;
		};
/* End PBXFrameworksBuildPhase section */

/* Begin PBXGroup section */
		5D37B46A42BEDE0C6E9F99E0 /* Frameworks */ = {
			isa = PBXGroup;
			children = (
				D42602E189432FCBB58C7109 /* Pods_TestNatrium.framework */,
				857B02CB19C7E74C945446C8 /* Pods_TestNatriumTests.framework */,
				24C637665960367A327B3C3B /* Pods_TestNatriumUITests.framework */,
			);
			name = Frameworks;
			sourceTree = "<group>";
		};
		845E1F3A5B63A642985DB758 /* Pods */ = {
			isa = PBXGroup;
			children = (
				537FDDBA15D702E8FC6A54DA /* Pods-TestNatrium.debug.xcconfig */,
				B7B54927371A77B688A1D593 /* Pods-TestNatrium.release.xcconfig */,
				7FD919325C2A040C81AF5E93 /* Pods-TestNatriumTests.debug.xcconfig */,
				5E5A00EFC65D0D39D245C09B /* Pods-TestNatriumTests.release.xcconfig */,
				B8E6902AAC8FF380F941188A /* Pods-TestNatriumUITests.debug.xcconfig */,
				E777FE33496C17B5971AF2CF /* Pods-TestNatriumUITests.release.xcconfig */,
			);
			name = Pods;
			sourceTree = "<group>";
		};
		A18BC9312043FCB5008C188B = {
			isa = PBXGroup;
			children = (
				A18BC93C2043FCB5008C188B /* TestNatrium */,
				A18BC9512043FCB5008C188B /* TestNatriumTests */,
				A18BC95C2043FCB5008C188B /* TestNatriumUITests */,
				A18BC93B2043FCB5008C188B /* Products */,
				845E1F3A5B63A642985DB758 /* Pods */,
				5D37B46A42BEDE0C6E9F99E0 /* Frameworks */,
			);
			sourceTree = "<group>";
		};
		A18BC93B2043FCB5008C188B /* Products */ = {
			isa = PBXGroup;
			children = (
				A18BC93A2043FCB5008C188B /* TestNatrium.app */,
				A18BC94E2043FCB5008C188B /* TestNatriumTests.xctest */,
				A18BC9592043FCB5008C188B /* TestNatriumUITests.xctest */,
			);
			name = Products;
			sourceTree = "<group>";
		};
		A18BC93C2043FCB5008C188B /* TestNatrium */ = {
			isa = PBXGroup;
			children = (
				A18BC97120440E35008C188B /* resource */,
				A18BC96F2043FFDC008C188B /* .natrium.yml */,
				A18BC93D2043FCB5008C188B /* AppDelegate.swift */,
				A18BC93F2043FCB5008C188B /* ViewController.swift */,
				A18BC9412043FCB5008C188B /* Main.storyboard */,
				A18BC9442043FCB5008C188B /* Assets.xcassets */,
				A18BC9462043FCB5008C188B /* LaunchScreen.storyboard */,
				A18BC9492043FCB5008C188B /* Info.plist */,
			);
			path = TestNatrium;
			sourceTree = "<group>";
		};
		A18BC9512043FCB5008C188B /* TestNatriumTests */ = {
			isa = PBXGroup;
			children = (
				A18BC9522043FCB5008C188B /* TestNatriumTests.swift */,
				A18BC9542043FCB5008C188B /* Info.plist */,
			);
			path = TestNatriumTests;
			sourceTree = "<group>";
		};
		A18BC95C2043FCB5008C188B /* TestNatriumUITests */ = {
			isa = PBXGroup;
			children = (
				A18BC95D2043FCB5008C188B /* TestNatriumUITests.swift */,
				A18BC95F2043FCB5008C188B /* Info.plist */,
			);
			path = TestNatriumUITests;
			sourceTree = "<group>";
		};
		A18BC97120440E35008C188B /* resource */ = {
			isa = PBXGroup;
			children = (
				A18BC97220440E4D008C188B /* icon.jpg */,
			);
			path = resource;
			sourceTree = "<group>";
		};
/* End PBXGroup section */

/* Begin PBXNativeTarget section */
		A18BC9392043FCB5008C188B /* TestNatrium */ = {
			isa = PBXNativeTarget;
			buildConfigurationList = A18BC9622043FCB5008C188B /* Build configuration list for PBXNativeTarget "TestNatrium" */;
			buildPhases = (
				0A04C75C3D6D9A7FC0D51D81 /* [CP] Check Pods Manifest.lock */,
				A18BC9362043FCB5008C188B /* Sources */,
				A18BC9372043FCB5008C188B /* Frameworks */,
				A18BC9382043FCB5008C188B /* Resources */,
				54D21B16B2A3434DFD83B127 /* [CP] Embed Pods Frameworks */,
				6200CCF442DDFD867EE4CA0A /* [CP] Copy Pods Resources */,
			);
			buildRules = (
			);
			dependencies = (
			);
			name = TestNatrium;
			productName = TestNatrium;
			productReference = A18BC93A2043FCB5008C188B /* TestNatrium.app */;
			productType = "com.apple.product-type.application";
		};
		A18BC94D2043FCB5008C188B /* TestNatriumTests */ = {
			isa = PBXNativeTarget;
			buildConfigurationList = A18BC9652043FCB5008C188B /* Build configuration list for PBXNativeTarget "TestNatriumTests" */;
			buildPhases = (
				A1601E308D859A5555550001 /* [CP] Check Pods Manifest.lock */,
				A18BC94A2043FCB5008C188B /* Sources */,
				A18BC94B2043FCB5008C188B /* Frameworks */,
				A18BC94C2043FCB5008C188B /* Resources */,
				F8B00A57EF5836476547364A /* [CP] Embed Pods Frameworks */,
				431E53742BFA45649A9188FE /* [CP] Copy Pods Resources */,
			);
			buildRules = (
			);
			dependencies = (
				A18BC9502043FCB5008C188B /* PBXTargetDependency */,
			);
			name = TestNatriumTests;
			productName = TestNatriumTests;
			productReference = A18BC94E2043FCB5008C188B /* TestNatriumTests.xctest */;
			productType = "com.apple.product-type.bundle.unit-test";
		};
		A18BC9582043FCB5008C188B /* TestNatriumUITests */ = {
			isa = PBXNativeTarget;
			buildConfigurationList = A18BC9682043FCB5008C188B /* Build configuration list for PBXNativeTarget "TestNatriumUITests" */;
			buildPhases = (
				1C1A848FA93D8783E955EE75 /* [CP] Check Pods Manifest.lock */,
				A18BC9552043FCB5008C188B /* Sources */,
				A18BC9562043FCB5008C188B /* Frameworks */,
				A18BC9572043FCB5008C188B /* Resources */,
				C13E9207A1CB7D65CCADA019 /* [CP] Embed Pods Frameworks */,
				B8FACCAD0447C7C3EC7178B9 /* [CP] Copy Pods Resources */,
			);
			buildRules = (
			);
			dependencies = (
				A18BC95B2043FCB5008C188B /* PBXTargetDependency */,
			);
			name = TestNatriumUITests;
			productName = TestNatriumUITests;
			productReference = A18BC9592043FCB5008C188B /* TestNatriumUITests.xctest */;
			productType = "com.apple.product-type.bundle.ui-testing";
		};
/* End PBXNativeTarget section */

/* Begin PBXProject section */
		A18BC9322043FCB5008C188B /* Project object */ = {
			isa = PBXProject;
			attributes = {
				LastSwiftUpdateCheck = 0920;
				LastUpgradeCheck = 0920;
				ORGANIZATIONNAME = Tanasak.Nge;
				TargetAttributes = {
					A18BC9392043FCB5008C188B = {
						CreatedOnToolsVersion = 9.2;
						ProvisioningStyle = Automatic;
					};
					A18BC94D2043FCB5008C188B = {
						CreatedOnToolsVersion = 9.2;
						ProvisioningStyle = Automatic;
						TestTargetID = A18BC9392043FCB5008C188B;
					};
					A18BC9582043FCB5008C188B = {
						CreatedOnToolsVersion = 9.2;
						ProvisioningStyle = Automatic;
						TestTargetID = A18BC9392043FCB5008C188B;
					};
				};
			};
			buildConfigurationList = A18BC9352043FCB5008C188B /* Build configuration list for PBXProject "TestNatrium" */;
			compatibilityVersion = "Xcode 8.0";
			developmentRegion = en;
			hasScannedForEncodings = 0;
			knownRegions = (
				en,
				Base,
			);
			mainGroup = A18BC9312043FCB5008C188B;
			productRefGroup = A18BC93B2043FCB5008C188B /* Products */;
			projectDirPath = "";
			projectRoot = "";
			targets = (
				A18BC9392043FCB5008C188B /* TestNatrium */,
				A18BC94D2043FCB5008C188B /* TestNatriumTests */,
				A18BC9582043FCB5008C188B /* TestNatriumUITests */,
			);
		};
/* End PBXProject section */

/* Begin PBXResourcesBuildPhase section */
		A18BC9382043FCB5008C188B /* Resources */ = {
			isa = PBXResourcesBuildPhase;
			buildActionMask = 2147483647;
			files = (
				A18BC9482043FCB5008C188B /* LaunchScreen.storyboard in Resources */,
				A18BC97320440E4D008C188B /* icon.jpg in Resources */,
				A18BC9452043FCB5008C188B /* Assets.xcassets in Resources */,
				A18BC9702043FFDC008C188B /* .natrium.yml in Resources */,
				A18BC9432043FCB5008C188B /* Main.storyboard in Resources */,
			);
			runOnlyForDeploymentPostprocessing = 0;
		};
		A18BC94C2043FCB5008C188B /* Resources */ = {
			isa = PBXResourcesBuildPhase;
			buildActionMask = 2147483647;
			files = (
			);
			runOnlyForDeploymentPostprocessing = 0;
		};
		A18BC9572043FCB5008C188B /* Resources */ = {
			isa = PBXResourcesBuildPhase;
			buildActionMask = 2147483647;
			files = (
			);
			runOnlyForDeploymentPostprocessing = 0;
		};
/* End PBXResourcesBuildPhase section */

/* Begin PBXShellScriptBuildPhase section */
		0A04C75C3D6D9A7FC0D51D81 /* [CP] Check Pods Manifest.lock */ = {
			isa = PBXShellScriptBuildPhase;
			buildActionMask = 2147483647;
			files = (
			);
			inputPaths = (
				"${PODS_PODFILE_DIR_PATH}/Podfile.lock",
				"${PODS_ROOT}/Manifest.lock",
			);
			name = "[CP] Check Pods Manifest.lock";
			outputPaths = (
				"$(DERIVED_FILE_DIR)/Pods-TestNatrium-checkManifestLockResult.txt",
			);
			runOnlyForDeploymentPostprocessing = 0;
			shellPath = /bin/sh;
			shellScript = "diff \"${PODS_PODFILE_DIR_PATH}/Podfile.lock\" \"${PODS_ROOT}/Manifest.lock\" > /dev/null\nif [ $? != 0 ] ; then\n    # print error to STDERR\n    echo \"error: The sandbox is not in sync with the Podfile.lock. Run 'pod install' or update your CocoaPods installation.\" >&2\n    exit 1\nfi\n# This output is used by Xcode 'outputs' to avoid re-running this script phase.\necho \"SUCCESS\" > \"${SCRIPT_OUTPUT_FILE_0}\"\n";
			showEnvVarsInLog = 0;
		};
		1C1A848FA93D8783E955EE75 /* [CP] Check Pods Manifest.lock */ = {
			isa = PBXShellScriptBuildPhase;
			buildActionMask = 2147483647;
			files = (
			);
			inputPaths = (
				"${PODS_PODFILE_DIR_PATH}/Podfile.lock",
				"${PODS_ROOT}/Manifest.lock",
			);
			name = "[CP] Check Pods Manifest.lock";
			outputPaths = (
				"$(DERIVED_FILE_DIR)/Pods-TestNatriumUITests-checkManifestLockResult.txt",
			);
			runOnlyForDeploymentPostprocessing = 0;
			shellPath = /bin/sh;
			shellScript = "diff \"${PODS_PODFILE_DIR_PATH}/Podfile.lock\" \"${PODS_ROOT}/Manifest.lock\" > /dev/null\nif [ $? != 0 ] ; then\n    # print error to STDERR\n    echo \"error: The sandbox is not in sync with the Podfile.lock. Run 'pod install' or update your CocoaPods installation.\" >&2\n    exit 1\nfi\n# This output is used by Xcode 'outputs' to avoid re-running this script phase.\necho \"SUCCESS\" > \"${SCRIPT_OUTPUT_FILE_0}\"\n";
			showEnvVarsInLog = 0;
		};
		431E53742BFA45649A9188FE /* [CP] Copy Pods Resources */ = {
			isa = PBXShellScriptBuildPhase;
			buildActionMask = 2147483647;
			files = (
			);
			inputPaths = (
			);
			name = "[CP] Copy Pods Resources";
			outputPaths = (
			);
			runOnlyForDeploymentPostprocessing = 0;
			shellPath = /bin/sh;
			shellScript = "\"${SRCROOT}/Pods/Target Support Files/Pods-TestNatriumTests/Pods-TestNatriumTests-resources.sh\"\n";
			showEnvVarsInLog = 0;
		};
		54D21B16B2A3434DFD83B127 /* [CP] Embed Pods Frameworks */ = {
			isa = PBXShellScriptBuildPhase;
			buildActionMask = 2147483647;
			files = (
			);
			inputPaths = (
				"${SRCROOT}/Pods/Target Support Files/Pods-TestNatrium/Pods-TestNatrium-frameworks.sh",
				"${BUILT_PRODUCTS_DIR}/Natrium/Natrium.framework",
			);
			name = "[CP] Embed Pods Frameworks";
			outputPaths = (
				"${TARGET_BUILD_DIR}/${FRAMEWORKS_FOLDER_PATH}/Natrium.framework",
			);
			runOnlyForDeploymentPostprocessing = 0;
			shellPath = /bin/sh;
			shellScript = "\"${SRCROOT}/Pods/Target Support Files/Pods-TestNatrium/Pods-TestNatrium-frameworks.sh\"\n";
			showEnvVarsInLog = 0;
		};
		6200CCF442DDFD867EE4CA0A /* [CP] Copy Pods Resources */ = {
			isa = PBXShellScriptBuildPhase;
			buildActionMask = 2147483647;
			files = (
			);
			inputPaths = (
			);
			name = "[CP] Copy Pods Resources";
			outputPaths = (
			);
			runOnlyForDeploymentPostprocessing = 0;
			shellPath = /bin/sh;
			shellScript = "\"${SRCROOT}/Pods/Target Support Files/Pods-TestNatrium/Pods-TestNatrium-resources.sh\"\n";
			showEnvVarsInLog = 0;
		};
		A1601E308D859A5555550001 /* [CP] Check Pods Manifest.lock */ = {
			isa = PBXShellScriptBuildPhase;
			buildActionMask = 2147483647;
			files = (
			);
			inputPaths = (
				"${PODS_PODFILE_DIR_PATH}/Podfile.lock",
				"${PODS_ROOT}/Manifest.lock",
			);
			name = "[CP] Check Pods Manifest.lock";
			outputPaths = (
				"$(DERIVED_FILE_DIR)/Pods-TestNatriumTests-checkManifestLockResult.txt",
			);
			runOnlyForDeploymentPostprocessing = 0;
			shellPath = /bin/sh;
			shellScript = "diff \"${PODS_PODFILE_DIR_PATH}/Podfile.lock\" \"${PODS_ROOT}/Manifest.lock\" > /dev/null\nif [ $? != 0 ] ; then\n    # print error to STDERR\n    echo \"error: The sandbox is not in sync with the Podfile.lock. Run 'pod install' or update your CocoaPods installation.\" >&2\n    exit 1\nfi\n# This output is used by Xcode 'outputs' to avoid re-running this script phase.\necho \"SUCCESS\" > \"${SCRIPT_OUTPUT_FILE_0}\"\n";
			showEnvVarsInLog = 0;
		};
		B8FACCAD0447C7C3EC7178B9 /* [CP] Copy Pods Resources */ = {
			isa = PBXShellScriptBuildPhase;
			buildActionMask = 2147483647;
			files = (
			);
			inputPaths = (
			);
			name = "[CP] Copy Pods Resources";
			outputPaths = (
			);
			runOnlyForDeploymentPostprocessing = 0;
			shellPath = /bin/sh;
			shellScript = "\"${SRCROOT}/Pods/Target Support Files/Pods-TestNatriumUITests/Pods-TestNatriumUITests-resources.sh\"\n";
			showEnvVarsInLog = 0;
		};
		C13E9207A1CB7D65CCADA019 /* [CP] Embed Pods Frameworks */ = {
			isa = PBXShellScriptBuildPhase;
			buildActionMask = 2147483647;
			files = (
			);
			inputPaths = (
			);
			name = "[CP] Embed Pods Frameworks";
			outputPaths = (
			);
			runOnlyForDeploymentPostprocessing = 0;
			shellPath = /bin/sh;
			shellScript = "\"${SRCROOT}/Pods/Target Support Files/Pods-TestNatriumUITests/Pods-TestNatriumUITests-frameworks.sh\"\n";
			showEnvVarsInLog = 0;
		};
		F8B00A57EF5836476547364A /* [CP] Embed Pods Frameworks */ = {
			isa = PBXShellScriptBuildPhase;
			buildActionMask = 2147483647;
			files = (
			);
			inputPaths = (
			);
			name = "[CP] Embed Pods Frameworks";
			outputPaths = (
			);
			runOnlyForDeploymentPostprocessing = 0;
			shellPath = /bin/sh;
			shellScript = "\"${SRCROOT}/Pods/Target Support Files/Pods-TestNatriumTests/Pods-TestNatriumTests-frameworks.sh\"\n";
			showEnvVarsInLog = 0;
		};
/* End PBXShellScriptBuildPhase section */

/* Begin PBXSourcesBuildPhase section */
		A18BC9362043FCB5008C188B /* Sources */ = {
			isa = PBXSourcesBuildPhase;
			buildActionMask = 2147483647;
			files = (
				A18BC9402043FCB5008C188B /* ViewController.swift in Sources */,
				A18BC93E2043FCB5008C188B /* AppDelegate.swift in Sources */,
			);
			runOnlyForDeploymentPostprocessing = 0;
		};
		A18BC94A2043FCB5008C188B /* Sources */ = {
			isa = PBXSourcesBuildPhase;
			buildActionMask = 2147483647;
			files = (
				A18BC9532043FCB5008C188B /* TestNatriumTests.swift in Sources */,
			);
			runOnlyForDeploymentPostprocessing = 0;
		};
		A18BC9552043FCB5008C188B /* Sources */ = {
			isa = PBXSourcesBuildPhase;
			buildActionMask = 2147483647;
			files = (
				A18BC95E2043FCB5008C188B /* TestNatriumUITests.swift in Sources */,
			);
			runOnlyForDeploymentPostprocessing = 0;
		};
/* End PBXSourcesBuildPhase section */

/* Begin PBXTargetDependency section */
		A18BC9502043FCB5008C188B /* PBXTargetDependency */ = {
			isa = PBXTargetDependency;
			target = A18BC9392043FCB5008C188B /* TestNatrium */;
			targetProxy = A18BC94F2043FCB5008C188B /* PBXContainerItemProxy */;
		};
		A18BC95B2043FCB5008C188B /* PBXTargetDependency */ = {
			isa = PBXTargetDependency;
			target = A18BC9392043FCB5008C188B /* TestNatrium */;
			targetProxy = A18BC95A2043FCB5008C188B /* PBXContainerItemProxy */;
		};
/* End PBXTargetDependency section */

/* Begin PBXVariantGroup section */
		A18BC9412043FCB5008C188B /* Main.storyboard */ = {
			isa = PBXVariantGroup;
			children = (
				A18BC9422043FCB5008C188B /* Base */,
			);
			name = Main.storyboard;
			sourceTree = "<group>";
		};
		A18BC9462043FCB5008C188B /* LaunchScreen.storyboard */ = {
			isa = PBXVariantGroup;
			children = (
				A18BC9472043FCB5008C188B /* Base */,
			);
			name = LaunchScreen.storyboard;
			sourceTree = "<group>";
		};
/* End PBXVariantGroup section */

/* Begin XCBuildConfiguration section */
		A18BC9602043FCB5008C188B /* Debug */ = {
			isa = XCBuildConfiguration;
			buildSettings = {
				ALWAYS_SEARCH_USER_PATHS = NO;
				CLANG_ANALYZER_NONNULL = YES;
				CLANG_ANALYZER_NUMBER_OBJECT_CONVERSION = YES_AGGRESSIVE;
				CLANG_CXX_LANGUAGE_STANDARD = "gnu++14";
				CLANG_CXX_LIBRARY = "libc++";
				CLANG_ENABLE_MODULES = YES;
				CLANG_ENABLE_OBJC_ARC = YES;
				CLANG_WARN_BLOCK_CAPTURE_AUTORELEASING = YES;
				CLANG_WARN_BOOL_CONVERSION = YES;
				CLANG_WARN_COMMA = YES;
				CLANG_WARN_CONSTANT_CONVERSION = YES;
				CLANG_WARN_DIRECT_OBJC_ISA_USAGE = YES_ERROR;
				CLANG_WARN_DOCUMENTATION_COMMENTS = YES;
				CLANG_WARN_EMPTY_BODY = YES;
				CLANG_WARN_ENUM_CONVERSION = YES;
				CLANG_WARN_INFINITE_RECURSION = YES;
				CLANG_WARN_INT_CONVERSION = YES;
				CLANG_WARN_NON_LITERAL_NULL_CONVERSION = YES;
				CLANG_WARN_OBJC_LITERAL_CONVERSION = YES;
				CLANG_WARN_OBJC_ROOT_CLASS = YES_ERROR;
				CLANG_WARN_RANGE_LOOP_ANALYSIS = YES;
				CLANG_WARN_STRICT_PROTOTYPES = YES;
				CLANG_WARN_SUSPICIOUS_MOVE = YES;
				CLANG_WARN_UNGUARDED_AVAILABILITY = YES_AGGRESSIVE;
				CLANG_WARN_UNREACHABLE_CODE = YES;
				CLANG_WARN__DUPLICATE_METHOD_MATCH = YES;
				CODE_SIGN_IDENTITY = "iPhone Developer";
				COPY_PHASE_STRIP = NO;
				DEBUG_INFORMATION_FORMAT = dwarf;
				ENABLE_STRICT_OBJC_MSGSEND = YES;
				ENABLE_TESTABILITY = YES;
				GCC_C_LANGUAGE_STANDARD = gnu11;
				GCC_DYNAMIC_NO_PIC = NO;
				GCC_NO_COMMON_BLOCKS = YES;
				GCC_OPTIMIZATION_LEVEL = 0;
				GCC_PREPROCESSOR_DEFINITIONS = (
					"DEBUG=1",
					"$(inherited)",
				);
				GCC_WARN_64_TO_32_BIT_CONVERSION = YES;
				GCC_WARN_ABOUT_RETURN_TYPE = YES_ERROR;
				GCC_WARN_UNDECLARED_SELECTOR = YES;
				GCC_WARN_UNINITIALIZED_AUTOS = YES_AGGRESSIVE;
				GCC_WARN_UNUSED_FUNCTION = YES;
				GCC_WARN_UNUSED_VARIABLE = YES;
				IPHONEOS_DEPLOYMENT_TARGET = 11.2;
				MTL_ENABLE_DEBUG_INFO = YES;
				ONLY_ACTIVE_ARCH = YES;
				SDKROOT = iphoneos;
				SWIFT_ACTIVE_COMPILATION_CONDITIONS = DEBUG;
				SWIFT_OPTIMIZATION_LEVEL = "-Onone";
			};
			name = Debug;
		};
		A18BC9612043FCB5008C188B /* Release */ = {
			isa = XCBuildConfiguration;
			buildSettings = {
				ALWAYS_SEARCH_USER_PATHS = NO;
				CLANG_ANALYZER_NONNULL = YES;
				CLANG_ANALYZER_NUMBER_OBJECT_CONVERSION = YES_AGGRESSIVE;
				CLANG_CXX_LANGUAGE_STANDARD = "gnu++14";
				CLANG_CXX_LIBRARY = "libc++";
				CLANG_ENABLE_MODULES = YES;
				CLANG_ENABLE_OBJC_ARC = YES;
				CLANG_WARN_BLOCK_CAPTURE_AUTORELEASING = YES;
				CLANG_WARN_BOOL_CONVERSION = YES;
				CLANG_WARN_COMMA = YES;
				CLANG_WARN_CONSTANT_CONVERSION = YES;
				CLANG_WARN_DIRECT_OBJC_ISA_USAGE = YES_ERROR;
				CLANG_WARN_DOCUMENTATION_COMMENTS = YES;
				CLANG_WARN_EMPTY_BODY = YES;
				CLANG_WARN_ENUM_CONVERSION = YES;
				CLANG_WARN_INFINITE_RECURSION = YES;
				CLANG_WARN_INT_CONVERSION = YES;
				CLANG_WARN_NON_LITERAL_NULL_CONVERSION = YES;
				CLANG_WARN_OBJC_LITERAL_CONVERSION = YES;
				CLANG_WARN_OBJC_ROOT_CLASS = YES_ERROR;
				CLANG_WARN_RANGE_LOOP_ANALYSIS = YES;
				CLANG_WARN_STRICT_PROTOTYPES = YES;
				CLANG_WARN_SUSPICIOUS_MOVE = YES;
				CLANG_WARN_UNGUARDED_AVAILABILITY = YES_AGGRESSIVE;
				CLANG_WARN_UNREACHABLE_CODE = YES;
				CLANG_WARN__DUPLICATE_METHOD_MATCH = YES;
				CODE_SIGN_IDENTITY = "iPhone Developer";
				COPY_PHASE_STRIP = NO;
				DEBUG_INFORMATION_FORMAT = "dwarf-with-dsym";
				ENABLE_NS_ASSERTIONS = NO;
				ENABLE_STRICT_OBJC_MSGSEND = YES;
				GCC_C_LANGUAGE_STANDARD = gnu11;
				GCC_NO_COMMON_BLOCKS = YES;
				GCC_WARN_64_TO_32_BIT_CONVERSION = YES;
				GCC_WARN_ABOUT_RETURN_TYPE = YES_ERROR;
				GCC_WARN_UNDECLARED_SELECTOR = YES;
				GCC_WARN_UNINITIALIZED_AUTOS = YES_AGGRESSIVE;
				GCC_WARN_UNUSED_FUNCTION = YES;
				GCC_WARN_UNUSED_VARIABLE = YES;
				IPHONEOS_DEPLOYMENT_TARGET = 11.2;
				MTL_ENABLE_DEBUG_INFO = NO;
				SDKROOT = iphoneos;
				SWIFT_OPTIMIZATION_LEVEL = "-Owholemodule";
				VALIDATE_PRODUCT = YES;
			};
			name = Release;
		};
		A18BC9632043FCB5008C188B /* Debug */ = {
			isa = XCBuildConfiguration;
			baseConfigurationReference = 537FDDBA15D702E8FC6A54DA /* Pods-TestNatrium.debug.xcconfig */;
			buildSettings = {
				ASSETCATALOG_COMPILER_APPICON_NAME = AppIcon;
				CODE_SIGN_STYLE = Automatic;
				DEVELOPMENT_TEAM = FN9UCUANU6;
				INFOPLIST_FILE = TestNatrium/Info.plist;
				LD_RUNPATH_SEARCH_PATHS = "$(inherited) @executable_path/Frameworks";
				PRODUCT_NAME = "$(TARGET_NAME)";
				SWIFT_VERSION = 4.0;
				TARGETED_DEVICE_FAMILY = "1,2";
			};
			name = Debug;
		};
		A18BC9642043FCB5008C188B /* Release */ = {
			isa = XCBuildConfiguration;
			baseConfigurationReference = B7B54927371A77B688A1D593 /* Pods-TestNatrium.release.xcconfig */;
			buildSettings = {
				ASSETCATALOG_COMPILER_APPICON_NAME = AppIcon;
				CODE_SIGN_STYLE = Automatic;
				DEVELOPMENT_TEAM = FN9UCUANU6;
				INFOPLIST_FILE = TestNatrium/Info.plist;
				LD_RUNPATH_SEARCH_PATHS = "$(inherited) @executable_path/Frameworks";
				PRODUCT_NAME = "$(TARGET_NAME)";
				SWIFT_VERSION = 4.0;
				TARGETED_DEVICE_FAMILY = "1,2";
			};
			name = Release;
		};
		A18BC9662043FCB5008C188B /* Debug */ = {
			isa = XCBuildConfiguration;
			baseConfigurationReference = 7FD919325C2A040C81AF5E93 /* Pods-TestNatriumTests.debug.xcconfig */;
			buildSettings = {
				ALWAYS_EMBED_SWIFT_STANDARD_LIBRARIES = YES;
				BUNDLE_LOADER = "$(TEST_HOST)";
				CODE_SIGN_STYLE = Automatic;
				DEVELOPMENT_TEAM = FN9UCUANU6;
				INFOPLIST_FILE = TestNatriumTests/Info.plist;
				LD_RUNPATH_SEARCH_PATHS = "$(inherited) @executable_path/Frameworks @loader_path/Frameworks";
				PRODUCT_BUNDLE_IDENTIFIER = com.Nilnilnil.TestNatriumTests;
				PRODUCT_NAME = "$(TARGET_NAME)";
				SWIFT_VERSION = 4.0;
				TARGETED_DEVICE_FAMILY = "1,2";
				TEST_HOST = "$(BUILT_PRODUCTS_DIR)/TestNatrium.app/TestNatrium";
			};
			name = Debug;
		};
		A18BC9672043FCB5008C188B /* Release */ = {
			isa = XCBuildConfiguration;
			baseConfigurationReference = 5E5A00EFC65D0D39D245C09B /* Pods-TestNatriumTests.release.xcconfig */;
			buildSettings = {
				ALWAYS_EMBED_SWIFT_STANDARD_LIBRARIES = YES;
				BUNDLE_LOADER = "$(TEST_HOST)";
				CODE_SIGN_STYLE = Automatic;
				DEVELOPMENT_TEAM = FN9UCUANU6;
				INFOPLIST_FILE = TestNatriumTests/Info.plist;
				LD_RUNPATH_SEARCH_PATHS = "$(inherited) @executable_path/Frameworks @loader_path/Frameworks";
				PRODUCT_BUNDLE_IDENTIFIER = com.Nilnilnil.TestNatriumTests;
				PRODUCT_NAME = "$(TARGET_NAME)";
				SWIFT_VERSION = 4.0;
				TARGETED_DEVICE_FAMILY = "1,2";
				TEST_HOST = "$(BUILT_PRODUCTS_DIR)/TestNatrium.app/TestNatrium";
			};
			name = Release;
		};
		A18BC9692043FCB5008C188B /* Debug */ = {
			isa = XCBuildConfiguration;
			baseConfigurationReference = B8E6902AAC8FF380F941188A /* Pods-TestNatriumUITests.debug.xcconfig */;
			buildSettings = {
				ALWAYS_EMBED_SWIFT_STANDARD_LIBRARIES = YES;
				CODE_SIGN_STYLE = Automatic;
				DEVELOPMENT_TEAM = FN9UCUANU6;
				INFOPLIST_FILE = TestNatriumUITests/Info.plist;
				LD_RUNPATH_SEARCH_PATHS = "$(inherited) @executable_path/Frameworks @loader_path/Frameworks";
				PRODUCT_BUNDLE_IDENTIFIER = com.Nilnilnil.TestNatriumUITests;
				PRODUCT_NAME = "$(TARGET_NAME)";
				SWIFT_VERSION = 4.0;
				TARGETED_DEVICE_FAMILY = "1,2";
				TEST_TARGET_NAME = TestNatrium;
			};
			name = Debug;
		};
		A18BC96A2043FCB5008C188B /* Release */ = {
			isa = XCBuildConfiguration;
			baseConfigurationReference = E777FE33496C17B5971AF2CF /* Pods-TestNatriumUITests.release.xcconfig */;
			buildSettings = {
				ALWAYS_EMBED_SWIFT_STANDARD_LIBRARIES = YES;
				CODE_SIGN_STYLE = Automatic;
				DEVELOPMENT_TEAM = FN9UCUANU6;
				INFOPLIST_FILE = TestNatriumUITests/Info.plist;
				LD_RUNPATH_SEARCH_PATHS = "$(inherited) @executable_path/Frameworks @loader_path/Frameworks";
				PRODUCT_BUNDLE_IDENTIFIER = com.Nilnilnil.TestNatriumUITests;
				PRODUCT_NAME = "$(TARGET_NAME)";
				SWIFT_VERSION = 4.0;
				TARGETED_DEVICE_FAMILY = "1,2";
				TEST_TARGET_NAME = TestNatrium;
			};
			name = Release;
		};
/* End XCBuildConfiguration section */

/* Begin XCConfigurationList section */
		A18BC9352043FCB5008C188B /* Build configuration list for PBXProject "TestNatrium" */ = {
			isa = XCConfigurationList;
			buildConfigurations = (
				A18BC9602043FCB5008C188B /* Debug */,
				A18BC9612043FCB5008C188B /* Release */,
			);
			defaultConfigurationIsVisible = 0;
			defaultConfigurationName = Release;
		};
		A18BC9622043FCB5008C188B /* Build configuration list for PBXNativeTarget "TestNatrium" */ = {
			isa = XCConfigurationList;
			buildConfigurations = (
				A18BC9632043FCB5008C188B /* Debug */,
				A18BC9642043FCB5008C188B /* Release */,
			);
			defaultConfigurationIsVisible = 0;
			defaultConfigurationName = Release;
		};
		A18BC9652043FCB5008C188B /* Build configuration list for PBXNativeTarget "TestNatriumTests" */ = {
			isa = XCConfigurationList;
			buildConfigurations = (
				A18BC9662043FCB5008C188B /* Debug */,
				A18BC9672043FCB5008C188B /* Release */,
			);
			defaultConfigurationIsVisible = 0;
			defaultConfigurationName = Release;
		};
		A18BC9682043FCB5008C188B /* Build configuration list for PBXNativeTarget "TestNatriumUITests" */ = {
			isa = XCConfigurationList;
			buildConfigurations = (
				A18BC9692043FCB5008C188B /* Debug */,
				A18BC96A2043FCB5008C188B /* Release */,
			);
			defaultConfigurationIsVisible = 0;
			defaultConfigurationName = Release;
		};
/* End XCConfigurationList section */
	};
	rootObject = A18BC9322043FCB5008C188B /* Project object */;
}
